
Microsoft Visual Studio Solution File, Format Version 12.00
# Visual Studio 14
VisualStudioVersion = 14.0.25123.0
MinimumVisualStudioVersion = 10.0.40219.1
Project("{FAE04EC0-301F-11D3-BF4B-00C04F79EFBC}") = "MarmyzaShop", "MarmyzaShop\MarmyzaShop.csproj", "{5FD10D28-B836-46D2-94C7-7F5CBF2FDFD1}"
EndProject
Project("{FAE04EC0-301F-11D3-BF4B-00C04F79EFBC}") = "MarmyzaShop.Tests", "MarmyzaShop.Tests\MarmyzaShop.Tests.csproj", "{8BA7FC50-D492-485C-90D9-6DD27823FF74}"
EndProject
Global
	GlobalSection(SolutionConfigurationPlatforms) = preSolution
		Debug|Any CPU = Debug|Any CPU
		Release|Any CPU = Release|Any CPU
	EndGlobalSection
	GlobalSection(ProjectConfigurationPlatforms) = postSolution
		{5FD10D28-B836-46D2-94C7-7F5CBF2FDFD1}.Debug|Any CPU.ActiveCfg = Debug|Any CPU
		{5FD10D28-B836-46D2-94C7-7F5CBF2FDFD1}.Debug|Any CPU.Build.0 = Debug|Any CPU
		{5FD10D28-B836-46D2-94C7-7F5CBF2FDFD1}.Release|Any CPU.ActiveCfg = Release|Any CPU
		{5FD10D28-B836-46D2-94C7-7F5CBF2FDFD1}.Release|Any CPU.Build.0 = Release|Any CPU
		{8BA7FC50-D492-485C-90D9-6DD27823FF74}.Debug|Any CPU.ActiveCfg = Debug|Any CPU
		{8BA7FC50-D492-485C-90D9-6DD27823FF74}.Debug|Any CPU.Build.0 = Debug|Any CPU
		{8BA7FC50-D492-485C-90D9-6DD27823FF74}.Release|Any CPU.ActiveCfg = Release|Any CPU
		{8BA7FC50-D492-485C-90D9-6DD27823FF74}.Release|Any CPU.Build.0 = Release|Any CPU
	EndGlobalSection
	GlobalSection(SolutionProperties) = preSolution
		HideSolutionNode = FALSE
	EndGlobalSection
EndGlobal
